
Microsoft Visual Studio Solution File, Format Version 12.00
# Visual Studio Version 17
VisualStudioVersion = 17.8.34316.72
MinimumVisualStudioVersion = 10.0.40219.1
Project("{9A19103F-16F7-4668-BE54-9A1E7A4F7556}") = "CodeFighters.WebApi", "Codefighters.WebApi\CodeFighters.WebApi.csproj", "{F2E1D317-B706-40E8-B81A-86DC013E7B52}"
EndProject
Project("{9A19103F-16F7-4668-BE54-9A1E7A4F7556}") = "CodeFighters.GameMaster", "CodeFighters.GameMaster\CodeFighters.GameMaster.csproj", "{43729124-735E-4E5F-8EEB-117D32769FD8}"
EndProject
Project("{9A19103F-16F7-4668-BE54-9A1E7A4F7556}") = "CodeFighters.Models", "CodeFighters.Models\CodeFighters.Models.csproj", "{F9E83FE1-8BD6-4F3E-B37F-267C1C1FA0E8}"
EndProject
Project("{9A19103F-16F7-4668-BE54-9A1E7A4F7556}") = "CodeFighters.Data", "CodeFighters.Data\CodeFighters.Data.csproj", "{E4F5F80D-D57D-49B3-B4EE-EBBCBC0A983B}"
EndProject
Project("{2150E333-8FDC-42A3-9474-1A3956D46DE8}") = "Solution Items", "Solution Items", "{7AD17E5B-79AD-4C86-8856-38326B365362}"
	ProjectSection(SolutionItems) = preProject
		demo.py = demo.py
	EndProjectSection
EndProject
Global
	GlobalSection(SolutionConfigurationPlatforms) = preSolution
		Debug|Any CPU = Debug|Any CPU
		Release|Any CPU = Release|Any CPU
	EndGlobalSection
	GlobalSection(ProjectConfigurationPlatforms) = postSolution
		{F2E1D317-B706-40E8-B81A-86DC013E7B52}.Debug|Any CPU.ActiveCfg = Debug|Any CPU
		{F2E1D317-B706-40E8-B81A-86DC013E7B52}.Debug|Any CPU.Build.0 = Debug|Any CPU
		{F2E1D317-B706-40E8-B81A-86DC013E7B52}.Release|Any CPU.ActiveCfg = Release|Any CPU
		{F2E1D317-B706-40E8-B81A-86DC013E7B52}.Release|Any CPU.Build.0 = Release|Any CPU
		{43729124-735E-4E5F-8EEB-117D32769FD8}.Debug|Any CPU.ActiveCfg = Debug|Any CPU
		{43729124-735E-4E5F-8EEB-117D32769FD8}.Debug|Any CPU.Build.0 = Debug|Any CPU
		{43729124-735E-4E5F-8EEB-117D32769FD8}.Release|Any CPU.ActiveCfg = Release|Any CPU
		{43729124-735E-4E5F-8EEB-117D32769FD8}.Release|Any CPU.Build.0 = Release|Any CPU
		{F9E83FE1-8BD6-4F3E-B37F-267C1C1FA0E8}.Debug|Any CPU.ActiveCfg = Debug|Any CPU
		{F9E83FE1-8BD6-4F3E-B37F-267C1C1FA0E8}.Debug|Any CPU.Build.0 = Debug|Any CPU
		{F9E83FE1-8BD6-4F3E-B37F-267C1C1FA0E8}.Release|Any CPU.ActiveCfg = Release|Any CPU
		{F9E83FE1-8BD6-4F3E-B37F-267C1C1FA0E8}.Release|Any CPU.Build.0 = Release|Any CPU
		{E4F5F80D-D57D-49B3-B4EE-EBBCBC0A983B}.Debug|Any CPU.ActiveCfg = Debug|Any CPU
		{E4F5F80D-D57D-49B3-B4EE-EBBCBC0A983B}.Debug|Any CPU.Build.0 = Debug|Any CPU
		{E4F5F80D-D57D-49B3-B4EE-EBBCBC0A983B}.Release|Any CPU.ActiveCfg = Release|Any CPU
		{E4F5F80D-D57D-49B3-B4EE-EBBCBC0A983B}.Release|Any CPU.Build.0 = Release|Any CPU
	EndGlobalSection
	GlobalSection(SolutionProperties) = preSolution
		HideSolutionNode = FALSE
	EndGlobalSection
	GlobalSection(ExtensibilityGlobals) = postSolution
		SolutionGuid = {817C6F92-75F9-4B09-9435-AA8AD9524976}
	EndGlobalSection
EndGlobal
